// !$*UTF8*$!
{
	archiveVersion = 1;
	classes = {
	};
	objectVersion = 48;
	objects = {

/* Begin PBXBuildFile section */
		12F16D9E1F739A61004B37D3 /* AppDelegate.swift in Sources */ = {isa = PBXBuildFile; fileRef = 12F16D9D1F739A61004B37D3 /* AppDelegate.swift */; };
		12F16DA01F739A61004B37D3 /* ViewController.swift in Sources */ = {isa = PBXBuildFile; fileRef = 12F16D9F1F739A61004B37D3 /* ViewController.swift */; };
		12F16DA31F739A61004B37D3 /* Main.storyboard in Resources */ = {isa = PBXBuildFile; fileRef = 12F16DA11F739A61004B37D3 /* Main.storyboard */; };
		12F16DA61F739A61004B37D3 /* UIViewAnimationsDemo.xcdatamodeld in Sources */ = {isa = PBXBuildFile; fileRef = 12F16DA41F739A61004B37D3 /* UIViewAnimationsDemo.xcdatamodeld */; };
		12F16DA81F739A61004B37D3 /* Assets.xcassets in Resources */ = {isa = PBXBuildFile; fileRef = 12F16DA71F739A61004B37D3 /* Assets.xcassets */; };
		12F16DAB1F739A61004B37D3 /* LaunchScreen.storyboard in Resources */ = {isa = PBXBuildFile; fileRef = 12F16DA91F739A61004B37D3 /* LaunchScreen.storyboard */; };
/* End PBXBuildFile section */

/* Begin PBXFileReference section */
		12F16D9A1F739A61004B37D3 /* UIViewAnimationsDemo.app */ = {isa = PBXFileReference; explicitFileType = wrapper.application; includeInIndex = 0; path = UIViewAnimationsDemo.app; sourceTree = BUILT_PRODUCTS_DIR; };
		12F16D9D1F739A61004B37D3 /* AppDelegate.swift */ = {isa = PBXFileReference; lastKnownFileType = sourcecode.swift; path = AppDelegate.swift; sourceTree = "<group>"; };
		12F16D9F1F739A61004B37D3 /* ViewController.swift */ = {isa = PBXFileReference; lastKnownFileType = sourcecode.swift; path = ViewController.swift; sourceTree = "<group>"; };
		12F16DA21F739A61004B37D3 /* Base */ = {isa = PBXFileReference; lastKnownFileType = file.storyboard; name = Base; path = Base.lproj/Main.storyboard; sourceTree = "<group>"; };
		12F16DA51F739A61004B37D3 /* UIViewAnimationsDemo.xcdatamodel */ = {isa = PBXFileReference; lastKnownFileType = wrapper.xcdatamodel; path = UIViewAnimationsDemo.xcdatamodel; sourceTree = "<group>"; };
		12F16DA71F739A61004B37D3 /* Assets.xcassets */ = {isa = PBXFileReference; lastKnownFileType = folder.assetcatalog; path = Assets.xcassets; sourceTree = "<group>"; };
		12F16DAA1F739A61004B37D3 /* Base */ = {isa = PBXFileReference; lastKnownFileType = file.storyboard; name = Base; path = Base.lproj/LaunchScreen.storyboard; sourceTree = "<group>"; };
		12F16DAC1F739A61004B37D3 /* Info.plist */ = {isa = PBXFileReference; lastKnownFileType = text.plist.xml; path = Info.plist; sourceTree = "<group>"; };
/* End PBXFileReference section */

/* Begin PBXFrameworksBuildPhase section */
		12F16D971F739A61004B37D3 /* Frameworks */ = {
			isa = PBXFrameworksBuildPhase;
			buildActionMask = 2147483647;
			files = (
			);
			runOnlyForDeploymentPostprocessing = 0;
		};
/* End PBXFrameworksBuildPhase section */

/* Begin PBXGroup section */
		12F16D911F739A61004B37D3 = {
			isa = PBXGroup;
			children = (
				12F16D9C1F739A61004B37D3 /* UIViewAnimationsDemo */,
				12F16D9B1F739A61004B37D3 /* Products */,
			);
			sourceTree = "<group>";
		};
		12F16D9B1F739A61004B37D3 /* Products */ = {
			isa = PBXGroup;
			children = (
				12F16D9A1F739A61004B37D3 /* UIViewAnimationsDemo.app */,
			);
			name = Products;
			sourceTree = "<group>";
		};
		12F16D9C1F739A61004B37D3 /* UIViewAnimationsDemo */ = {
			isa = PBXGroup;
			children = (
				12F16D9D1F739A61004B37D3 /* AppDelegate.swift */,
				12F16D9F1F739A61004B37D3 /* ViewController.swift */,
				12F16DA11F739A61004B37D3 /* Main.storyboard */,
				12F16DA71F739A61004B37D3 /* Assets.xcassets */,
				12F16DA91F739A61004B37D3 /* LaunchScreen.storyboard */,
				12F16DAC1F739A61004B37D3 /* Info.plist */,
				12F16DA41F739A61004B37D3 /* UIViewAnimationsDemo.xcdatamodeld */,
			);
			path = UIViewAnimationsDemo;
			sourceTree = "<group>";
		};
/* End PBXGroup section */

/* Begin PBXNativeTarget section */
		12F16D991F739A61004B37D3 /* UIViewAnimationsDemo */ = {
			isa = PBXNativeTarget;
			buildConfigurationList = 12F16DAF1F739A61004B37D3 /* Build configuration list for PBXNativeTarget "UIViewAnimationsDemo" */;
			buildPhases = (
				12F16D961F739A61004B37D3 /* Sources */,
				12F16D971F739A61004B37D3 /* Frameworks */,
				12F16D981F739A61004B37D3 /* Resources */,
			);
			buildRules = (
			);
			dependencies = (
			);
			name = UIViewAnimationsDemo;
			productName = UIViewAnimationsDemo;
			productReference = 12F16D9A1F739A61004B37D3 /* UIViewAnimationsDemo.app */;
			productType = "com.apple.product-type.application";
		};
/* End PBXNativeTarget section */

/* Begin PBXProject section */
		12F16D921F739A61004B37D3 /* Project object */ = {
			isa = PBXProject;
			attributes = {
				LastSwiftUpdateCheck = 0900;
				LastUpgradeCheck = 0900;
				ORGANIZATIONNAME = lokizero00;
				TargetAttributes = {
					12F16D991F739A61004B37D3 = {
						CreatedOnToolsVersion = 9.0;
						ProvisioningStyle = Automatic;
					};
				};
			};
			buildConfigurationList = 12F16D951F739A61004B37D3 /* Build configuration list for PBXProject "UIViewAnimationsDemo" */;
			compatibilityVersion = "Xcode 8.0";
			developmentRegion = en;
			hasScannedForEncodings = 0;
			knownRegions = (
				en,
				Base,
			);
			mainGroup = 12F16D911F739A61004B37D3;
			productRefGroup = 12F16D9B1F739A61004B37D3 /* Products */;
			projectDirPath = "";
			projectRoot = "";
			targets = (
				12F16D991F739A61004B37D3 /* UIViewAnimationsDemo */,
			);
		};
/* End PBXProject section */

/* Begin PBXResourcesBuildPhase section */
		12F16D981F739A61004B37D3 /* Resources */ = {
			isa = PBXResourcesBuildPhase;
			buildActionMask = 2147483647;
			files = (
				12F16DAB1F739A61004B37D3 /* LaunchScreen.storyboard in Resources */,
				12F16DA81F739A61004B37D3 /* Assets.xcassets in Resources */,
				12F16DA31F739A61004B37D3 /* Main.storyboard in Resources */,
			);
			runOnlyForDeploymentPostprocessing = 0;
		};
/* End PBXResourcesBuildPhase section */

/* Begin PBXSourcesBuildPhase section */
		12F16D961F739A61004B37D3 /* Sources */ = {
			isa = PBXSourcesBuildPhase;
			buildActionMask = 2147483647;
			files = (
				12F16DA61F739A61004B37D3 /* UIViewAnimationsDemo.xcdatamodeld in Sources */,
				12F16DA01F739A61004B37D3 /* ViewController.swift in Sources */,
				12F16D9E1F739A61004B37D3 /* AppDelegate.swift in Sources */,
			);
			runOnlyForDeploymentPostprocessing = 0;
		};
/* End PBXSourcesBuildPhase section */

/* Begin PBXVariantGroup section */
		12F16DA11F739A61004B37D3 /* Main.storyboard */ = {
			isa = PBXVariantGroup;
			children = (
				12F16DA21F739A61004B37D3 /* Base */,
			);
			name = Main.storyboard;
			sourceTree = "<group>";
		};
		12F16DA91F739A61004B37D3 /* LaunchScreen.storyboard */ = {
			isa = PBXVariantGroup;
			children = (
				12F16DAA1F739A61004B37D3 /* Base */,
			);
			name = LaunchScreen.storyboard;
			sourceTree = "<group>";
		};
/* End PBXVariantGroup section */

/* Begin XCBuildConfiguration section */
		12F16DAD1F739A61004B37D3 /* Debug */ = {
			isa = XCBuildConfiguration;
			buildSettings = {
				ALWAYS_SEARCH_USER_PATHS = NO;
				CLANG_ANALYZER_NONNULL = YES;
				CLANG_ANALYZER_NUMBER_OBJECT_CONVERSION = YES_AGGRESSIVE;
				CLANG_CXX_LANGUAGE_STANDARD = "gnu++14";
				CLANG_CXX_LIBRARY = "libc++";
				CLANG_ENABLE_MODULES = YES;
				CLANG_ENABLE_OBJC_ARC = YES;
				CLANG_WARN_BLOCK_CAPTURE_AUTORELEASING = YES;
				CLANG_WARN_BOOL_CONVERSION = YES;
				CLANG_WARN_COMMA = YES;
				CLANG_WARN_CONSTANT_CONVERSION = YES;
				CLANG_WARN_DIRECT_OBJC_ISA_USAGE = YES_ERROR;
				CLANG_WARN_DOCUMENTATION_COMMENTS = YES;
				CLANG_WARN_EMPTY_BODY = YES;
				CLANG_WARN_ENUM_CONVERSION = YES;
				CLANG_WARN_INFINITE_RECURSION = YES;
				CLANG_WARN_INT_CONVERSION = YES;
				CLANG_WARN_NON_LITERAL_NULL_CONVERSION = YES;
				CLANG_WARN_OBJC_LITERAL_CONVERSION = YES;
				CLANG_WARN_OBJC_ROOT_CLASS = YES_ERROR;
				CLANG_WARN_RANGE_LOOP_ANALYSIS = YES;
				CLANG_WARN_STRICT_PROTOTYPES = YES;
				CLANG_WARN_SUSPICIOUS_MOVE = YES;
				CLANG_WARN_UNGUARDED_AVAILABILITY = YES_AGGRESSIVE;
				CLANG_WARN_UNREACHABLE_CODE = YES;
				CLANG_WARN__DUPLICATE_METHOD_MATCH = YES;
				CODE_SIGN_IDENTITY = "iPhone Developer";
				COPY_PHASE_STRIP = NO;
				DEBUG_INFORMATION_FORMAT = dwarf;
				ENABLE_STRICT_OBJC_MSGSEND = YES;
				ENABLE_TESTABILITY = YES;
				GCC_C_LANGUAGE_STANDARD = gnu11;
				GCC_DYNAMIC_NO_PIC = NO;
				GCC_NO_COMMON_BLOCKS = YES;
				GCC_OPTIMIZATION_LEVEL = 0;
				GCC_PREPROCESSOR_DEFINITIONS = (
					"DEBUG=1",
					"$(inherited)",
				);
				GCC_WARN_64_TO_32_BIT_CONVERSION = YES;
				GCC_WARN_ABOUT_RETURN_TYPE = YES_ERROR;
				GCC_WARN_UNDECLARED_SELECTOR = YES;
				GCC_WARN_UNINITIALIZED_AUTOS = YES_AGGRESSIVE;
				GCC_WARN_UNUSED_FUNCTION = YES;
				GCC_WARN_UNUSED_VARIABLE = YES;
				IPHONEOS_DEPLOYMENT_TARGET = 11.0;
				MTL_ENABLE_DEBUG_INFO = YES;
				ONLY_ACTIVE_ARCH = YES;
				SDKROOT = iphoneos;
				SWIFT_ACTIVE_COMPILATION_CONDITIONS = DEBUG;
				SWIFT_OPTIMIZATION_LEVEL = "-Onone";
			};
			name = Debug;
		};
		12F16DAE1F739A61004B37D3 /* Release */ = {
			isa = XCBuildConfiguration;
			buildSettings = {
				ALWAYS_SEARCH_USER_PATHS = NO;
				CLANG_ANALYZER_NONNULL = YES;
				CLANG_ANALYZER_NUMBER_OBJECT_CONVERSION = YES_AGGRESSIVE;
				CLANG_CXX_LANGUAGE_STANDARD = "gnu++14";
				CLANG_CXX_LIBRARY = "libc++";
				CLANG_ENABLE_MODULES = YES;
				CLANG_ENABLE_OBJC_ARC = YES;
				CLANG_WARN_BLOCK_CAPTURE_AUTORELEASING = YES;
				CLANG_WARN_BOOL_CONVERSION = YES;
				CLANG_WARN_COMMA = YES;
				CLANG_WARN_CONSTANT_CONVERSION = YES;
				CLANG_WARN_DIRECT_OBJC_ISA_USAGE = YES_ERROR;
				CLANG_WARN_DOCUMENTATION_COMMENTS = YES;
				CLANG_WARN_EMPTY_BODY = YES;
				CLANG_WARN_ENUM_CONVERSION = YES;
				CLANG_WARN_INFINITE_RECURSION = YES;
				CLANG_WARN_INT_CONVERSION = YES;
				CLANG_WARN_NON_LITERAL_NULL_CONVERSION = YES;
				CLANG_WARN_OBJC_LITERAL_CONVERSION = YES;
				CLANG_WARN_OBJC_ROOT_CLASS = YES_ERROR;
				CLANG_WARN_RANGE_LOOP_ANALYSIS = YES;
				CLANG_WARN_STRICT_PROTOTYPES = YES;
				CLANG_WARN_SUSPICIOUS_MOVE = YES;
				CLANG_WARN_UNGUARDED_AVAILABILITY = YES_AGGRESSIVE;
				CLANG_WARN_UNREACHABLE_CODE = YES;
				CLANG_WARN__DUPLICATE_METHOD_MATCH = YES;
				CODE_SIGN_IDENTITY = "iPhone Developer";
				COPY_PHASE_STRIP = NO;
				DEBUG_INFORMATION_FORMAT = "dwarf-with-dsym";
				ENABLE_NS_ASSERTIONS = NO;
				ENABLE_STRICT_OBJC_MSGSEND = YES;
				GCC_C_LANGUAGE_STANDARD = gnu11;
				GCC_NO_COMMON_BLOCKS = YES;
				GCC_WARN_64_TO_32_BIT_CONVERSION = YES;
				GCC_WARN_ABOUT_RETURN_TYPE = YES_ERROR;
				GCC_WARN_UNDECLARED_SELECTOR = YES;
				GCC_WARN_UNINITIALIZED_AUTOS = YES_AGGRESSIVE;
				GCC_WARN_UNUSED_FUNCTION = YES;
				GCC_WARN_UNUSED_VARIABLE = YES;
				IPHONEOS_DEPLOYMENT_TARGET = 11.0;
				MTL_ENABLE_DEBUG_INFO = NO;
				SDKROOT = iphoneos;
				SWIFT_OPTIMIZATION_LEVEL = "-Owholemodule";
				VALIDATE_PRODUCT = YES;
			};
			name = Release;
		};
		12F16DB01F739A61004B37D3 /* Debug */ = {
			isa = XCBuildConfiguration;
			buildSettings = {
				ASSETCATALOG_COMPILER_APPICON_NAME = AppIcon;
				CODE_SIGN_STYLE = Automatic;
				DEVELOPMENT_TEAM = SSUF436QZC;
				INFOPLIST_FILE = UIViewAnimationsDemo/Info.plist;
				LD_RUNPATH_SEARCH_PATHS = "$(inherited) @executable_path/Frameworks";
				PRODUCT_BUNDLE_IDENTIFIER = com.loki.zero.UIViewAnimationsDemo;
				PRODUCT_NAME = "$(TARGET_NAME)";
				SWIFT_VERSION = 4.0;
				TARGETED_DEVICE_FAMILY = "1,2";
			};
			name = Debug;
		};
		12F16DB11F739A61004B37D3 /* Release */ = {
			isa = XCBuildConfiguration;
			buildSettings = {
				ASSETCATALOG_COMPILER_APPICON_NAME = AppIcon;
				CODE_SIGN_STYLE = Automatic;
				DEVELOPMENT_TEAM = SSUF436QZC;
				INFOPLIST_FILE = UIViewAnimationsDemo/Info.plist;
				LD_RUNPATH_SEARCH_PATHS = "$(inherited) @executable_path/Frameworks";
				PRODUCT_BUNDLE_IDENTIFIER = com.loki.zero.UIViewAnimationsDemo;
				PRODUCT_NAME = "$(TARGET_NAME)";
				SWIFT_VERSION = 4.0;
				TARGETED_DEVICE_FAMILY = "1,2";
			};
			name = Release;
		};
/* End XCBuildConfiguration section */

/* Begin XCConfigurationList section */
		12F16D951F739A61004B37D3 /* Build configuration list for PBXProject "UIViewAnimationsDemo" */ = {
			isa = XCConfigurationList;
			buildConfigurations = (
				12F16DAD1F739A61004B37D3 /* Debug */,
				12F16DAE1F739A61004B37D3 /* Release */,
			);
			defaultConfigurationIsVisible = 0;
			defaultConfigurationName = Release;
		};
		12F16DAF1F739A61004B37D3 /* Build configuration list for PBXNativeTarget "UIViewAnimationsDemo" */ = {
			isa = XCConfigurationList;
			buildConfigurations = (
				12F16DB01F739A61004B37D3 /* Debug */,
				12F16DB11F739A61004B37D3 /* Release */,
			);
			defaultConfigurationIsVisible = 0;
			defaultConfigurationName = Release;
		};
/* End XCConfigurationList section */

/* Begin XCVersionGroup section */
		12F16DA41F739A61004B37D3 /* UIViewAnimationsDemo.xcdatamodeld */ = {
			isa = XCVersionGroup;
			children = (
				12F16DA51F739A61004B37D3 /* UIViewAnimationsDemo.xcdatamodel */,
			);
			currentVersion = 12F16DA51F739A61004B37D3 /* UIViewAnimationsDemo.xcdatamodel */;
			path = UIViewAnimationsDemo.xcdatamodeld;
			sourceTree = "<group>";
			versionGroupType = wrapper.xcdatamodel;
		};
/* End XCVersionGroup section */
	};
	rootObject = 12F16D921F739A61004B37D3 /* Project object */;
}
